// !$*UTF8*$!
{
	archiveVersion = 1;
	classes = {
	};
	objectVersion = 50;
	objects = {

/* Begin PBXBuildFile section */
		0D81470021235F320068E39A /* AppDelegate.swift in Sources */ = {isa = PBXBuildFile; fileRef = 0D8146FF21235F320068E39A /* AppDelegate.swift */; };
		0D81470521235F320068E39A /* Main.storyboard in Resources */ = {isa = PBXBuildFile; fileRef = 0D81470321235F320068E39A /* Main.storyboard */; };
		0D81470721235F330068E39A /* Assets.xcassets in Resources */ = {isa = PBXBuildFile; fileRef = 0D81470621235F330068E39A /* Assets.xcassets */; };
		0D81470A21235F330068E39A /* LaunchScreen.storyboard in Resources */ = {isa = PBXBuildFile; fileRef = 0D81470821235F330068E39A /* LaunchScreen.storyboard */; };
		0D81471521235F330068E39A /* TaskAppTests.swift in Sources */ = {isa = PBXBuildFile; fileRef = 0D81471421235F330068E39A /* TaskAppTests.swift */; };
		0D81472021235F330068E39A /* TaskAppUITests.swift in Sources */ = {isa = PBXBuildFile; fileRef = 0D81471F21235F330068E39A /* TaskAppUITests.swift */; };
		0D81472E212363760068E39A /* TweetViewController.swift in Sources */ = {isa = PBXBuildFile; fileRef = 0D81472D212363760068E39A /* TweetViewController.swift */; };
		0D814730212363A40068E39A /* SettingsViewController.swift in Sources */ = {isa = PBXBuildFile; fileRef = 0D81472F212363A40068E39A /* SettingsViewController.swift */; };
		0DCD5799212E083E00D4367A /* Tweet.swift in Sources */ = {isa = PBXBuildFile; fileRef = 0DCD5798212E083E00D4367A /* Tweet.swift */; };
		0DCD579B212E0C7400D4367A /* TweetTableViewCell.swift in Sources */ = {isa = PBXBuildFile; fileRef = 0DCD579A212E0C7400D4367A /* TweetTableViewCell.swift */; };
		52AE04018748F8F64698DFCE /* Pods_TaskAppTests.framework in Frameworks */ = {isa = PBXBuildFile; fileRef = DED8B87F174C35FD55D4D445 /* Pods_TaskAppTests.framework */; };
		5611FA714EB590738A3058B8 /* Pods_TaskAppUITests.framework in Frameworks */ = {isa = PBXBuildFile; fileRef = 2A09D8E40AB4486B80FEFE12 /* Pods_TaskAppUITests.framework */; };
		933B495B15A7524D803BE21C /* Pods_TaskApp.framework in Frameworks */ = {isa = PBXBuildFile; fileRef = 5958D9F945403A61C09085BB /* Pods_TaskApp.framework */; };
/* End PBXBuildFile section */

/* Begin PBXContainerItemProxy section */
		0D81471121235F330068E39A /* PBXContainerItemProxy */ = {
			isa = PBXContainerItemProxy;
			containerPortal = 0D8146F421235F320068E39A /* Project object */;
			proxyType = 1;
			remoteGlobalIDString = 0D8146FB21235F320068E39A;
			remoteInfo = TaskApp;
		};
		0D81471C21235F330068E39A /* PBXContainerItemProxy */ = {
			isa = PBXContainerItemProxy;
			containerPortal = 0D8146F421235F320068E39A /* Project object */;
			proxyType = 1;
			remoteGlobalIDString = 0D8146FB21235F320068E39A;
			remoteInfo = TaskApp;
		};
/* End PBXContainerItemProxy section */

/* Begin PBXFileReference section */
		0D8146FC21235F320068E39A /* TaskApp.app */ = {isa = PBXFileReference; explicitFileType = wrapper.application; includeInIndex = 0; path = TaskApp.app; sourceTree = BUILT_PRODUCTS_DIR; };
		0D8146FF21235F320068E39A /* AppDelegate.swift */ = {isa = PBXFileReference; lastKnownFileType = sourcecode.swift; path = AppDelegate.swift; sourceTree = "<group>"; };
		0D81470421235F320068E39A /* Base */ = {isa = PBXFileReference; lastKnownFileType = file.storyboard; name = Base; path = Base.lproj/Main.storyboard; sourceTree = "<group>"; };
		0D81470621235F330068E39A /* Assets.xcassets */ = {isa = PBXFileReference; lastKnownFileType = folder.assetcatalog; path = Assets.xcassets; sourceTree = "<group>"; };
		0D81470921235F330068E39A /* Base */ = {isa = PBXFileReference; lastKnownFileType = file.storyboard; name = Base; path = Base.lproj/LaunchScreen.storyboard; sourceTree = "<group>"; };
		0D81470B21235F330068E39A /* Info.plist */ = {isa = PBXFileReference; lastKnownFileType = text.plist.xml; path = Info.plist; sourceTree = "<group>"; };
		0D81471021235F330068E39A /* TaskAppTests.xctest */ = {isa = PBXFileReference; explicitFileType = wrapper.cfbundle; includeInIndex = 0; path = TaskAppTests.xctest; sourceTree = BUILT_PRODUCTS_DIR; };
		0D81471421235F330068E39A /* TaskAppTests.swift */ = {isa = PBXFileReference; lastKnownFileType = sourcecode.swift; path = TaskAppTests.swift; sourceTree = "<group>"; };
		0D81471621235F330068E39A /* Info.plist */ = {isa = PBXFileReference; lastKnownFileType = text.plist.xml; path = Info.plist; sourceTree = "<group>"; };
		0D81471B21235F330068E39A /* TaskAppUITests.xctest */ = {isa = PBXFileReference; explicitFileType = wrapper.cfbundle; includeInIndex = 0; path = TaskAppUITests.xctest; sourceTree = BUILT_PRODUCTS_DIR; };
		0D81471F21235F330068E39A /* TaskAppUITests.swift */ = {isa = PBXFileReference; lastKnownFileType = sourcecode.swift; path = TaskAppUITests.swift; sourceTree = "<group>"; };
		0D81472121235F330068E39A /* Info.plist */ = {isa = PBXFileReference; lastKnownFileType = text.plist.xml; path = Info.plist; sourceTree = "<group>"; };
		0D81472D212363760068E39A /* TweetViewController.swift */ = {isa = PBXFileReference; lastKnownFileType = sourcecode.swift; path = TweetViewController.swift; sourceTree = "<group>"; };
		0D81472F212363A40068E39A /* SettingsViewController.swift */ = {isa = PBXFileReference; lastKnownFileType = sourcecode.swift; path = SettingsViewController.swift; sourceTree = "<group>"; };
		0DCD5798212E083E00D4367A /* Tweet.swift */ = {isa = PBXFileReference; lastKnownFileType = sourcecode.swift; path = Tweet.swift; sourceTree = "<group>"; };
		0DCD579A212E0C7400D4367A /* TweetTableViewCell.swift */ = {isa = PBXFileReference; lastKnownFileType = sourcecode.swift; path = TweetTableViewCell.swift; sourceTree = "<group>"; };
		2A09D8E40AB4486B80FEFE12 /* Pods_TaskAppUITests.framework */ = {isa = PBXFileReference; explicitFileType = wrapper.framework; includeInIndex = 0; path = Pods_TaskAppUITests.framework; sourceTree = BUILT_PRODUCTS_DIR; };
		313E8B0D3BDA23799F836037 /* Pods-TaskAppTests.debug.xcconfig */ = {isa = PBXFileReference; includeInIndex = 1; lastKnownFileType = text.xcconfig; name = "Pods-TaskAppTests.debug.xcconfig"; path = "Pods/Target Support Files/Pods-TaskAppTests/Pods-TaskAppTests.debug.xcconfig"; sourceTree = "<group>"; };
		5958D9F945403A61C09085BB /* Pods_TaskApp.framework */ = {isa = PBXFileReference; explicitFileType = wrapper.framework; includeInIndex = 0; path = Pods_TaskApp.framework; sourceTree = BUILT_PRODUCTS_DIR; };
		64E792DB9D6481647356A5F5 /* Pods-TaskAppUITests.debug.xcconfig */ = {isa = PBXFileReference; includeInIndex = 1; lastKnownFileType = text.xcconfig; name = "Pods-TaskAppUITests.debug.xcconfig"; path = "Pods/Target Support Files/Pods-TaskAppUITests/Pods-TaskAppUITests.debug.xcconfig"; sourceTree = "<group>"; };
		8934298B502CD5F4655727A9 /* Pods-TaskApp.debug.xcconfig */ = {isa = PBXFileReference; includeInIndex = 1; lastKnownFileType = text.xcconfig; name = "Pods-TaskApp.debug.xcconfig"; path = "Pods/Target Support Files/Pods-TaskApp/Pods-TaskApp.debug.xcconfig"; sourceTree = "<group>"; };
		926EC880E6A401FD1FDB249B /* Pods-TaskAppTests.release.xcconfig */ = {isa = PBXFileReference; includeInIndex = 1; lastKnownFileType = text.xcconfig; name = "Pods-TaskAppTests.release.xcconfig"; path = "Pods/Target Support Files/Pods-TaskAppTests/Pods-TaskAppTests.release.xcconfig"; sourceTree = "<group>"; };
		CA0BC38172AF4DF53C8078AE /* Pods-TaskAppUITests.release.xcconfig */ = {isa = PBXFileReference; includeInIndex = 1; lastKnownFileType = text.xcconfig; name = "Pods-TaskAppUITests.release.xcconfig"; path = "Pods/Target Support Files/Pods-TaskAppUITests/Pods-TaskAppUITests.release.xcconfig"; sourceTree = "<group>"; };
		D5AC05B3A33E26BB45151151 /* Pods-TaskApp.release.xcconfig */ = {isa = PBXFileReference; includeInIndex = 1; lastKnownFileType = text.xcconfig; name = "Pods-TaskApp.release.xcconfig"; path = "Pods/Target Support Files/Pods-TaskApp/Pods-TaskApp.release.xcconfig"; sourceTree = "<group>"; };
		DED8B87F174C35FD55D4D445 /* Pods_TaskAppTests.framework */ = {isa = PBXFileReference; explicitFileType = wrapper.framework; includeInIndex = 0; path = Pods_TaskAppTests.framework; sourceTree = BUILT_PRODUCTS_DIR; };
/* End PBXFileReference section */

/* Begin PBXFrameworksBuildPhase section */
		0D8146F921235F320068E39A /* Frameworks */ = {
			isa = PBXFrameworksBuildPhase;
			buildActionMask = 2147483647;
			files = (
				933B495B15A7524D803BE21C /* Pods_TaskApp.framework in Frameworks */,
			);
			runOnlyForDeploymentPostprocessing = 0;
		};
		0D81470D21235F330068E39A /* Frameworks */ = {
			isa = PBXFrameworksBuildPhase;
			buildActionMask = 2147483647;
			files = (
				52AE04018748F8F64698DFCE /* Pods_TaskAppTests.framework in Frameworks */,
			);
			runOnlyForDeploymentPostprocessing = 0;
		};
		0D81471821235F330068E39A /* Frameworks */ = {
			isa = PBXFrameworksBuildPhase;
			buildActionMask = 2147483647;
			files = (
				5611FA714EB590738A3058B8 /* Pods_TaskAppUITests.framework in Frameworks */,
			);
			runOnlyForDeploymentPostprocessing = 0;
		};
/* End PBXFrameworksBuildPhase section */

/* Begin PBXGroup section */
		0D8146F321235F320068E39A = {
			isa = PBXGroup;
			children = (
				0D8146FE21235F320068E39A /* TaskApp */,
				0D81471321235F330068E39A /* TaskAppTests */,
				0D81471E21235F330068E39A /* TaskAppUITests */,
				0D8146FD21235F320068E39A /* Products */,
				6A2976022898534194613851 /* Pods */,
				23F443C550E7078EF6C8DAF1 /* Frameworks */,
			);
			sourceTree = "<group>";
		};
		0D8146FD21235F320068E39A /* Products */ = {
			isa = PBXGroup;
			children = (
				0D8146FC21235F320068E39A /* TaskApp.app */,
				0D81471021235F330068E39A /* TaskAppTests.xctest */,
				0D81471B21235F330068E39A /* TaskAppUITests.xctest */,
			);
			name = Products;
			sourceTree = "<group>";
		};
		0D8146FE21235F320068E39A /* TaskApp */ = {
			isa = PBXGroup;
			children = (
				0D81472D212363760068E39A /* TweetViewController.swift */,
				0DCD5798212E083E00D4367A /* Tweet.swift */,
				0D8146FF21235F320068E39A /* AppDelegate.swift */,
				0D81470321235F320068E39A /* Main.storyboard */,
				0DCD579A212E0C7400D4367A /* TweetTableViewCell.swift */,
				0D81472F212363A40068E39A /* SettingsViewController.swift */,
				0D81470621235F330068E39A /* Assets.xcassets */,
				0D81470821235F330068E39A /* LaunchScreen.storyboard */,
				0D81470B21235F330068E39A /* Info.plist */,
			);
			path = TaskApp;
			sourceTree = "<group>";
		};
		0D81471321235F330068E39A /* TaskAppTests */ = {
			isa = PBXGroup;
			children = (
				0D81471421235F330068E39A /* TaskAppTests.swift */,
				0D81471621235F330068E39A /* Info.plist */,
			);
			path = TaskAppTests;
			sourceTree = "<group>";
		};
		0D81471E21235F330068E39A /* TaskAppUITests */ = {
			isa = PBXGroup;
			children = (
				0D81471F21235F330068E39A /* TaskAppUITests.swift */,
				0D81472121235F330068E39A /* Info.plist */,
			);
			path = TaskAppUITests;
			sourceTree = "<group>";
		};
		23F443C550E7078EF6C8DAF1 /* Frameworks */ = {
			isa = PBXGroup;
			children = (
				5958D9F945403A61C09085BB /* Pods_TaskApp.framework */,
				DED8B87F174C35FD55D4D445 /* Pods_TaskAppTests.framework */,
				2A09D8E40AB4486B80FEFE12 /* Pods_TaskAppUITests.framework */,
			);
			name = Frameworks;
			sourceTree = "<group>";
		};
		6A2976022898534194613851 /* Pods */ = {
			isa = PBXGroup;
			children = (
				8934298B502CD5F4655727A9 /* Pods-TaskApp.debug.xcconfig */,
				D5AC05B3A33E26BB45151151 /* Pods-TaskApp.release.xcconfig */,
				313E8B0D3BDA23799F836037 /* Pods-TaskAppTests.debug.xcconfig */,
				926EC880E6A401FD1FDB249B /* Pods-TaskAppTests.release.xcconfig */,
				64E792DB9D6481647356A5F5 /* Pods-TaskAppUITests.debug.xcconfig */,
				CA0BC38172AF4DF53C8078AE /* Pods-TaskAppUITests.release.xcconfig */,
			);
			name = Pods;
			sourceTree = "<group>";
		};
/* End PBXGroup section */

/* Begin PBXNativeTarget section */
		0D8146FB21235F320068E39A /* TaskApp */ = {
			isa = PBXNativeTarget;
			buildConfigurationList = 0D81472421235F330068E39A /* Build configuration list for PBXNativeTarget "TaskApp" */;
			buildPhases = (
				0139D93F1F75FBFFFEDFB2C7 /* [CP] Check Pods Manifest.lock */,
				0D8146F821235F320068E39A /* Sources */,
				0D8146F921235F320068E39A /* Frameworks */,
				0D8146FA21235F320068E39A /* Resources */,
				BACE9DB7A955B00B32C4EB9B /* [CP] Embed Pods Frameworks */,
			);
			buildRules = (
			);
			dependencies = (
			);
			name = TaskApp;
			productName = TaskApp;
			productReference = 0D8146FC21235F320068E39A /* TaskApp.app */;
			productType = "com.apple.product-type.application";
		};
		0D81470F21235F330068E39A /* TaskAppTests */ = {
			isa = PBXNativeTarget;
			buildConfigurationList = 0D81472721235F330068E39A /* Build configuration list for PBXNativeTarget "TaskAppTests" */;
			buildPhases = (
				AE60653836CEDD170A961A19 /* [CP] Check Pods Manifest.lock */,
				0D81470C21235F330068E39A /* Sources */,
				0D81470D21235F330068E39A /* Frameworks */,
				0D81470E21235F330068E39A /* Resources */,
			);
			buildRules = (
			);
			dependencies = (
				0D81471221235F330068E39A /* PBXTargetDependency */,
			);
			name = TaskAppTests;
			productName = TaskAppTests;
			productReference = 0D81471021235F330068E39A /* TaskAppTests.xctest */;
			productType = "com.apple.product-type.bundle.unit-test";
		};
		0D81471A21235F330068E39A /* TaskAppUITests */ = {
			isa = PBXNativeTarget;
			buildConfigurationList = 0D81472A21235F330068E39A /* Build configuration list for PBXNativeTarget "TaskAppUITests" */;
			buildPhases = (
				72C1E06C78734FCE0248457B /* [CP] Check Pods Manifest.lock */,
				0D81471721235F330068E39A /* Sources */,
				0D81471821235F330068E39A /* Frameworks */,
				0D81471921235F330068E39A /* Resources */,
			);
			buildRules = (
			);
			dependencies = (
				0D81471D21235F330068E39A /* PBXTargetDependency */,
			);
			name = TaskAppUITests;
			productName = TaskAppUITests;
			productReference = 0D81471B21235F330068E39A /* TaskAppUITests.xctest */;
			productType = "com.apple.product-type.bundle.ui-testing";
		};
/* End PBXNativeTarget section */

/* Begin PBXProject section */
		0D8146F421235F320068E39A /* Project object */ = {
			isa = PBXProject;
			attributes = {
				LastSwiftUpdateCheck = 0940;
				LastUpgradeCheck = 0940;
				ORGANIZATIONNAME = "Олег Максименко";
				TargetAttributes = {
					0D8146FB21235F320068E39A = {
						CreatedOnToolsVersion = 9.4.1;
					};
					0D81470F21235F330068E39A = {
						CreatedOnToolsVersion = 9.4.1;
						TestTargetID = 0D8146FB21235F320068E39A;
					};
					0D81471A21235F330068E39A = {
						CreatedOnToolsVersion = 9.4.1;
						TestTargetID = 0D8146FB21235F320068E39A;
					};
				};
			};
			buildConfigurationList = 0D8146F721235F320068E39A /* Build configuration list for PBXProject "TaskApp" */;
			compatibilityVersion = "Xcode 9.3";
			developmentRegion = en;
			hasScannedForEncodings = 0;
			knownRegions = (
				en,
				Base,
			);
			mainGroup = 0D8146F321235F320068E39A;
			productRefGroup = 0D8146FD21235F320068E39A /* Products */;
			projectDirPath = "";
			projectRoot = "";
			targets = (
				0D8146FB21235F320068E39A /* TaskApp */,
				0D81470F21235F330068E39A /* TaskAppTests */,
				0D81471A21235F330068E39A /* TaskAppUITests */,
			);
		};
/* End PBXProject section */

/* Begin PBXResourcesBuildPhase section */
		0D8146FA21235F320068E39A /* Resources */ = {
			isa = PBXResourcesBuildPhase;
			buildActionMask = 2147483647;
			files = (
				0D81470A21235F330068E39A /* LaunchScreen.storyboard in Resources */,
				0D81470721235F330068E39A /* Assets.xcassets in Resources */,
				0D81470521235F320068E39A /* Main.storyboard in Resources */,
			);
			runOnlyForDeploymentPostprocessing = 0;
		};
		0D81470E21235F330068E39A /* Resources */ = {
			isa = PBXResourcesBuildPhase;
			buildActionMask = 2147483647;
			files = (
			);
			runOnlyForDeploymentPostprocessing = 0;
		};
		0D81471921235F330068E39A /* Resources */ = {
			isa = PBXResourcesBuildPhase;
			buildActionMask = 2147483647;
			files = (
			);
			runOnlyForDeploymentPostprocessing = 0;
		};
/* End PBXResourcesBuildPhase section */

/* Begin PBXShellScriptBuildPhase section */
		0139D93F1F75FBFFFEDFB2C7 /* [CP] Check Pods Manifest.lock */ = {
			isa = PBXShellScriptBuildPhase;
			buildActionMask = 2147483647;
			files = (
			);
			inputPaths = (
				"${PODS_PODFILE_DIR_PATH}/Podfile.lock",
				"${PODS_ROOT}/Manifest.lock",
			);
			name = "[CP] Check Pods Manifest.lock";
			outputPaths = (
				"$(DERIVED_FILE_DIR)/Pods-TaskApp-checkManifestLockResult.txt",
			);
			runOnlyForDeploymentPostprocessing = 0;
			shellPath = /bin/sh;
			shellScript = "diff \"${PODS_PODFILE_DIR_PATH}/Podfile.lock\" \"${PODS_ROOT}/Manifest.lock\" > /dev/null\nif [ $? != 0 ] ; then\n    # print error to STDERR\n    echo \"error: The sandbox is not in sync with the Podfile.lock. Run 'pod install' or update your CocoaPods installation.\" >&2\n    exit 1\nfi\n# This output is used by Xcode 'outputs' to avoid re-running this script phase.\necho \"SUCCESS\" > \"${SCRIPT_OUTPUT_FILE_0}\"\n";
			showEnvVarsInLog = 0;
		};
		72C1E06C78734FCE0248457B /* [CP] Check Pods Manifest.lock */ = {
			isa = PBXShellScriptBuildPhase;
			buildActionMask = 2147483647;
			files = (
			);
			inputPaths = (
				"${PODS_PODFILE_DIR_PATH}/Podfile.lock",
				"${PODS_ROOT}/Manifest.lock",
			);
			name = "[CP] Check Pods Manifest.lock";
			outputPaths = (
				"$(DERIVED_FILE_DIR)/Pods-TaskAppUITests-checkManifestLockResult.txt",
			);
			runOnlyForDeploymentPostprocessing = 0;
			shellPath = /bin/sh;
			shellScript = "diff \"${PODS_PODFILE_DIR_PATH}/Podfile.lock\" \"${PODS_ROOT}/Manifest.lock\" > /dev/null\nif [ $? != 0 ] ; then\n    # print error to STDERR\n    echo \"error: The sandbox is not in sync with the Podfile.lock. Run 'pod install' or update your CocoaPods installation.\" >&2\n    exit 1\nfi\n# This output is used by Xcode 'outputs' to avoid re-running this script phase.\necho \"SUCCESS\" > \"${SCRIPT_OUTPUT_FILE_0}\"\n";
			showEnvVarsInLog = 0;
		};
		AE60653836CEDD170A961A19 /* [CP] Check Pods Manifest.lock */ = {
			isa = PBXShellScriptBuildPhase;
			buildActionMask = 2147483647;
			files = (
			);
			inputPaths = (
				"${PODS_PODFILE_DIR_PATH}/Podfile.lock",
				"${PODS_ROOT}/Manifest.lock",
			);
			name = "[CP] Check Pods Manifest.lock";
			outputPaths = (
				"$(DERIVED_FILE_DIR)/Pods-TaskAppTests-checkManifestLockResult.txt",
			);
			runOnlyForDeploymentPostprocessing = 0;
			shellPath = /bin/sh;
			shellScript = "diff \"${PODS_PODFILE_DIR_PATH}/Podfile.lock\" \"${PODS_ROOT}/Manifest.lock\" > /dev/null\nif [ $? != 0 ] ; then\n    # print error to STDERR\n    echo \"error: The sandbox is not in sync with the Podfile.lock. Run 'pod install' or update your CocoaPods installation.\" >&2\n    exit 1\nfi\n# This output is used by Xcode 'outputs' to avoid re-running this script phase.\necho \"SUCCESS\" > \"${SCRIPT_OUTPUT_FILE_0}\"\n";
			showEnvVarsInLog = 0;
		};
		BACE9DB7A955B00B32C4EB9B /* [CP] Embed Pods Frameworks */ = {
			isa = PBXShellScriptBuildPhase;
			buildActionMask = 2147483647;
			files = (
			);
			inputPaths = (
				"${SRCROOT}/Pods/Target Support Files/Pods-TaskApp/Pods-TaskApp-frameworks.sh",
				"${BUILT_PRODUCTS_DIR}/SwiftSoup/SwiftSoup.framework",
			);
			name = "[CP] Embed Pods Frameworks";
			outputPaths = (
				"${TARGET_BUILD_DIR}/${FRAMEWORKS_FOLDER_PATH}/SwiftSoup.framework",
			);
			runOnlyForDeploymentPostprocessing = 0;
			shellPath = /bin/sh;
			shellScript = "\"${SRCROOT}/Pods/Target Support Files/Pods-TaskApp/Pods-TaskApp-frameworks.sh\"\n";
			showEnvVarsInLog = 0;
		};
/* End PBXShellScriptBuildPhase section */

/* Begin PBXSourcesBuildPhase section */
		0D8146F821235F320068E39A /* Sources */ = {
			isa = PBXSourcesBuildPhase;
			buildActionMask = 2147483647;
			files = (
				0D81472E212363760068E39A /* TweetViewController.swift in Sources */,
				0D81470021235F320068E39A /* AppDelegate.swift in Sources */,
				0D814730212363A40068E39A /* SettingsViewController.swift in Sources */,
				0DCD579B212E0C7400D4367A /* TweetTableViewCell.swift in Sources */,
				0DCD5799212E083E00D4367A /* Tweet.swift in Sources */,
			);
			runOnlyForDeploymentPostprocessing = 0;
		};
		0D81470C21235F330068E39A /* Sources */ = {
			isa = PBXSourcesBuildPhase;
			buildActionMask = 2147483647;
			files = (
				0D81471521235F330068E39A /* TaskAppTests.swift in Sources */,
			);
			runOnlyForDeploymentPostprocessing = 0;
		};
		0D81471721235F330068E39A /* Sources */ = {
			isa = PBXSourcesBuildPhase;
			buildActionMask = 2147483647;
			files = (
				0D81472021235F330068E39A /* TaskAppUITests.swift in Sources */,
			);
			runOnlyForDeploymentPostprocessing = 0;
		};
/* End PBXSourcesBuildPhase section */

/* Begin PBXTargetDependency section */
		0D81471221235F330068E39A /* PBXTargetDependency */ = {
			isa = PBXTargetDependency;
			target = 0D8146FB21235F320068E39A /* TaskApp */;
			targetProxy = 0D81471121235F330068E39A /* PBXContainerItemProxy */;
		};
		0D81471D21235F330068E39A /* PBXTargetDependency */ = {
			isa = PBXTargetDependency;
			target = 0D8146FB21235F320068E39A /* TaskApp */;
			targetProxy = 0D81471C21235F330068E39A /* PBXContainerItemProxy */;
		};
/* End PBXTargetDependency section */

/* Begin PBXVariantGroup section */
		0D81470321235F320068E39A /* Main.storyboard */ = {
			isa = PBXVariantGroup;
			children = (
				0D81470421235F320068E39A /* Base */,
			);
			name = Main.storyboard;
			sourceTree = "<group>";
		};
		0D81470821235F330068E39A /* LaunchScreen.storyboard */ = {
			isa = PBXVariantGroup;
			children = (
				0D81470921235F330068E39A /* Base */,
			);
			name = LaunchScreen.storyboard;
			sourceTree = "<group>";
		};
/* End PBXVariantGroup section */

/* Begin XCBuildConfiguration section */
		0D81472221235F330068E39A /* Debug */ = {
			isa = XCBuildConfiguration;
			buildSettings = {
				ALWAYS_SEARCH_USER_PATHS = NO;
				CLANG_ANALYZER_NONNULL = YES;
				CLANG_ANALYZER_NUMBER_OBJECT_CONVERSION = YES_AGGRESSIVE;
				CLANG_CXX_LANGUAGE_STANDARD = "gnu++14";
				CLANG_CXX_LIBRARY = "libc++";
				CLANG_ENABLE_MODULES = YES;
				CLANG_ENABLE_OBJC_ARC = YES;
				CLANG_ENABLE_OBJC_WEAK = YES;
				CLANG_WARN_BLOCK_CAPTURE_AUTORELEASING = YES;
				CLANG_WARN_BOOL_CONVERSION = YES;
				CLANG_WARN_COMMA = YES;
				CLANG_WARN_CONSTANT_CONVERSION = YES;
				CLANG_WARN_DEPRECATED_OBJC_IMPLEMENTATIONS = YES;
				CLANG_WARN_DIRECT_OBJC_ISA_USAGE = YES_ERROR;
				CLANG_WARN_DOCUMENTATION_COMMENTS = YES;
				CLANG_WARN_EMPTY_BODY = YES;
				CLANG_WARN_ENUM_CONVERSION = YES;
				CLANG_WARN_INFINITE_RECURSION = YES;
				CLANG_WARN_INT_CONVERSION = YES;
				CLANG_WARN_NON_LITERAL_NULL_CONVERSION = YES;
				CLANG_WARN_OBJC_IMPLICIT_RETAIN_SELF = YES;
				CLANG_WARN_OBJC_LITERAL_CONVERSION = YES;
				CLANG_WARN_OBJC_ROOT_CLASS = YES_ERROR;
				CLANG_WARN_RANGE_LOOP_ANALYSIS = YES;
				CLANG_WARN_STRICT_PROTOTYPES = YES;
				CLANG_WARN_SUSPICIOUS_MOVE = YES;
				CLANG_WARN_UNGUARDED_AVAILABILITY = YES_AGGRESSIVE;
				CLANG_WARN_UNREACHABLE_CODE = YES;
				CLANG_WARN__DUPLICATE_METHOD_MATCH = YES;
				CODE_SIGN_IDENTITY = "iPhone Developer";
				COPY_PHASE_STRIP = NO;
				DEBUG_INFORMATION_FORMAT = dwarf;
				ENABLE_STRICT_OBJC_MSGSEND = YES;
				ENABLE_TESTABILITY = YES;
				GCC_C_LANGUAGE_STANDARD = gnu11;
				GCC_DYNAMIC_NO_PIC = NO;
				GCC_NO_COMMON_BLOCKS = YES;
				GCC_OPTIMIZATION_LEVEL = 0;
				GCC_PREPROCESSOR_DEFINITIONS = (
					"DEBUG=1",
					"$(inherited)",
				);
				GCC_WARN_64_TO_32_BIT_CONVERSION = YES;
				GCC_WARN_ABOUT_RETURN_TYPE = YES_ERROR;
				GCC_WARN_UNDECLARED_SELECTOR = YES;
				GCC_WARN_UNINITIALIZED_AUTOS = YES_AGGRESSIVE;
				GCC_WARN_UNUSED_FUNCTION = YES;
				GCC_WARN_UNUSED_VARIABLE = YES;
				IPHONEOS_DEPLOYMENT_TARGET = 11.4;
				MTL_ENABLE_DEBUG_INFO = YES;
				ONLY_ACTIVE_ARCH = YES;
				SDKROOT = iphoneos;
				SWIFT_ACTIVE_COMPILATION_CONDITIONS = DEBUG;
				SWIFT_OPTIMIZATION_LEVEL = "-Onone";
			};
			name = Debug;
		};
		0D81472321235F330068E39A /* Release */ = {
			isa = XCBuildConfiguration;
			buildSettings = {
				ALWAYS_SEARCH_USER_PATHS = NO;
				CLANG_ANALYZER_NONNULL = YES;
				CLANG_ANALYZER_NUMBER_OBJECT_CONVERSION = YES_AGGRESSIVE;
				CLANG_CXX_LANGUAGE_STANDARD = "gnu++14";
				CLANG_CXX_LIBRARY = "libc++";
				CLANG_ENABLE_MODULES = YES;
				CLANG_ENABLE_OBJC_ARC = YES;
				CLANG_ENABLE_OBJC_WEAK = YES;
				CLANG_WARN_BLOCK_CAPTURE_AUTORELEASING = YES;
				CLANG_WARN_BOOL_CONVERSION = YES;
				CLANG_WARN_COMMA = YES;
				CLANG_WARN_CONSTANT_CONVERSION = YES;
				CLANG_WARN_DEPRECATED_OBJC_IMPLEMENTATIONS = YES;
				CLANG_WARN_DIRECT_OBJC_ISA_USAGE = YES_ERROR;
				CLANG_WARN_DOCUMENTATION_COMMENTS = YES;
				CLANG_WARN_EMPTY_BODY = YES;
				CLANG_WARN_ENUM_CONVERSION = YES;
				CLANG_WARN_INFINITE_RECURSION = YES;
				CLANG_WARN_INT_CONVERSION = YES;
				CLANG_WARN_NON_LITERAL_NULL_CONVERSION = YES;
				CLANG_WARN_OBJC_IMPLICIT_RETAIN_SELF = YES;
				CLANG_WARN_OBJC_LITERAL_CONVERSION = YES;
				CLANG_WARN_OBJC_ROOT_CLASS = YES_ERROR;
				CLANG_WARN_RANGE_LOOP_ANALYSIS = YES;
				CLANG_WARN_STRICT_PROTOTYPES = YES;
				CLANG_WARN_SUSPICIOUS_MOVE = YES;
				CLANG_WARN_UNGUARDED_AVAILABILITY = YES_AGGRESSIVE;
				CLANG_WARN_UNREACHABLE_CODE = YES;
				CLANG_WARN__DUPLICATE_METHOD_MATCH = YES;
				CODE_SIGN_IDENTITY = "iPhone Developer";
				COPY_PHASE_STRIP = NO;
				DEBUG_INFORMATION_FORMAT = "dwarf-with-dsym";
				ENABLE_NS_ASSERTIONS = NO;
				ENABLE_STRICT_OBJC_MSGSEND = YES;
				GCC_C_LANGUAGE_STANDARD = gnu11;
				GCC_NO_COMMON_BLOCKS = YES;
				GCC_WARN_64_TO_32_BIT_CONVERSION = YES;
				GCC_WARN_ABOUT_RETURN_TYPE = YES_ERROR;
				GCC_WARN_UNDECLARED_SELECTOR = YES;
				GCC_WARN_UNINITIALIZED_AUTOS = YES_AGGRESSIVE;
				GCC_WARN_UNUSED_FUNCTION = YES;
				GCC_WARN_UNUSED_VARIABLE = YES;
				IPHONEOS_DEPLOYMENT_TARGET = 11.4;
				MTL_ENABLE_DEBUG_INFO = NO;
				SDKROOT = iphoneos;
				SWIFT_COMPILATION_MODE = wholemodule;
				SWIFT_OPTIMIZATION_LEVEL = "-O";
				VALIDATE_PRODUCT = YES;
			};
			name = Release;
		};
		0D81472521235F330068E39A /* Debug */ = {
			isa = XCBuildConfiguration;
			baseConfigurationReference = 8934298B502CD5F4655727A9 /* Pods-TaskApp.debug.xcconfig */;
			buildSettings = {
				ASSETCATALOG_COMPILER_APPICON_NAME = AppIcon;
				CODE_SIGN_STYLE = Automatic;
				DEVELOPMENT_TEAM = 7WHR3Q4HUY;
				INFOPLIST_FILE = TaskApp/Info.plist;
				IPHONEOS_DEPLOYMENT_TARGET = 10.0;
				LD_RUNPATH_SEARCH_PATHS = (
					"$(inherited)",
					"@executable_path/Frameworks",
				);
				PRODUCT_BUNDLE_IDENTIFIER = "dacha-app.TaskApp";
				PRODUCT_NAME = "$(TARGET_NAME)";
				SWIFT_VERSION = 4.0;
				TARGETED_DEVICE_FAMILY = "1,2";
			};
			name = Debug;
		};
		0D81472621235F330068E39A /* Release */ = {
			isa = XCBuildConfiguration;
			baseConfigurationReference = D5AC05B3A33E26BB45151151 /* Pods-TaskApp.release.xcconfig */;
			buildSettings = {
				ASSETCATALOG_COMPILER_APPICON_NAME = AppIcon;
				CODE_SIGN_STYLE = Automatic;
				DEVELOPMENT_TEAM = 7WHR3Q4HUY;
				INFOPLIST_FILE = TaskApp/Info.plist;
				IPHONEOS_DEPLOYMENT_TARGET = 10.0;
				LD_RUNPATH_SEARCH_PATHS = (
					"$(inherited)",
					"@executable_path/Frameworks",
				);
				PRODUCT_BUNDLE_IDENTIFIER = "dacha-app.TaskApp";
				PRODUCT_NAME = "$(TARGET_NAME)";
				SWIFT_VERSION = 4.0;
				TARGETED_DEVICE_FAMILY = "1,2";
			};
			name = Release;
		};
		0D81472821235F330068E39A /* Debug */ = {
			isa = XCBuildConfiguration;
			baseConfigurationReference = 313E8B0D3BDA23799F836037 /* Pods-TaskAppTests.debug.xcconfig */;
			buildSettings = {
				ALWAYS_EMBED_SWIFT_STANDARD_LIBRARIES = YES;
				BUNDLE_LOADER = "$(TEST_HOST)";
				CODE_SIGN_STYLE = Automatic;
				DEVELOPMENT_TEAM = 7WHR3Q4HUY;
				INFOPLIST_FILE = TaskAppTests/Info.plist;
				LD_RUNPATH_SEARCH_PATHS = (
					"$(inherited)",
					"@executable_path/Frameworks",
					"@loader_path/Frameworks",
				);
				PRODUCT_BUNDLE_IDENTIFIER = "dacha-app.TaskAppTests";
				PRODUCT_NAME = "$(TARGET_NAME)";
				SWIFT_VERSION = 4.0;
				TARGETED_DEVICE_FAMILY = "1,2";
				TEST_HOST = "$(BUILT_PRODUCTS_DIR)/TaskApp.app/TaskApp";
			};
			name = Debug;
		};
		0D81472921235F330068E39A /* Release */ = {
			isa = XCBuildConfiguration;
			baseConfigurationReference = 926EC880E6A401FD1FDB249B /* Pods-TaskAppTests.release.xcconfig */;
			buildSettings = {
				ALWAYS_EMBED_SWIFT_STANDARD_LIBRARIES = YES;
				BUNDLE_LOADER = "$(TEST_HOST)";
				CODE_SIGN_STYLE = Automatic;
				DEVELOPMENT_TEAM = 7WHR3Q4HUY;
				INFOPLIST_FILE = TaskAppTests/Info.plist;
				LD_RUNPATH_SEARCH_PATHS = (
					"$(inherited)",
					"@executable_path/Frameworks",
					"@loader_path/Frameworks",
				);
				PRODUCT_BUNDLE_IDENTIFIER = "dacha-app.TaskAppTests";
				PRODUCT_NAME = "$(TARGET_NAME)";
				SWIFT_VERSION = 4.0;
				TARGETED_DEVICE_FAMILY = "1,2";
				TEST_HOST = "$(BUILT_PRODUCTS_DIR)/TaskApp.app/TaskApp";
			};
			name = Release;
		};
		0D81472B21235F330068E39A /* Debug */ = {
			isa = XCBuildConfiguration;
			baseConfigurationReference = 64E792DB9D6481647356A5F5 /* Pods-TaskAppUITests.debug.xcconfig */;
			buildSettings = {
				ALWAYS_EMBED_SWIFT_STANDARD_LIBRARIES = YES;
				CODE_SIGN_STYLE = Automatic;
				DEVELOPMENT_TEAM = 7WHR3Q4HUY;
				INFOPLIST_FILE = TaskAppUITests/Info.plist;
				LD_RUNPATH_SEARCH_PATHS = (
					"$(inherited)",
					"@executable_path/Frameworks",
					"@loader_path/Frameworks",
				);
				PRODUCT_BUNDLE_IDENTIFIER = "dacha-app.TaskAppUITests";
				PRODUCT_NAME = "$(TARGET_NAME)";
				SWIFT_VERSION = 4.0;
				TARGETED_DEVICE_FAMILY = "1,2";
				TEST_TARGET_NAME = TaskApp;
			};
			name = Debug;
		};
		0D81472C21235F330068E39A /* Release */ = {
			isa = XCBuildConfiguration;
			baseConfigurationReference = CA0BC38172AF4DF53C8078AE /* Pods-TaskAppUITests.release.xcconfig */;
			buildSettings = {
				ALWAYS_EMBED_SWIFT_STANDARD_LIBRARIES = YES;
				CODE_SIGN_STYLE = Automatic;
				DEVELOPMENT_TEAM = 7WHR3Q4HUY;
				INFOPLIST_FILE = TaskAppUITests/Info.plist;
				LD_RUNPATH_SEARCH_PATHS = (
					"$(inherited)",
					"@executable_path/Frameworks",
					"@loader_path/Frameworks",
				);
				PRODUCT_BUNDLE_IDENTIFIER = "dacha-app.TaskAppUITests";
				PRODUCT_NAME = "$(TARGET_NAME)";
				SWIFT_VERSION = 4.0;
				TARGETED_DEVICE_FAMILY = "1,2";
				TEST_TARGET_NAME = TaskApp;
			};
			name = Release;
		};
/* End XCBuildConfiguration section */

/* Begin XCConfigurationList section */
		0D8146F721235F320068E39A /* Build configuration list for PBXProject "TaskApp" */ = {
			isa = XCConfigurationList;
			buildConfigurations = (
				0D81472221235F330068E39A /* Debug */,
				0D81472321235F330068E39A /* Release */,
			);
			defaultConfigurationIsVisible = 0;
			defaultConfigurationName = Release;
		};
		0D81472421235F330068E39A /* Build configuration list for PBXNativeTarget "TaskApp" */ = {
			isa = XCConfigurationList;
			buildConfigurations = (
				0D81472521235F330068E39A /* Debug */,
				0D81472621235F330068E39A /* Release */,
			);
			defaultConfigurationIsVisible = 0;
			defaultConfigurationName = Release;
		};
		0D81472721235F330068E39A /* Build configuration list for PBXNativeTarget "TaskAppTests" */ = {
			isa = XCConfigurationList;
			buildConfigurations = (
				0D81472821235F330068E39A /* Debug */,
				0D81472921235F330068E39A /* Release */,
			);
			defaultConfigurationIsVisible = 0;
			defaultConfigurationName = Release;
		};
		0D81472A21235F330068E39A /* Build configuration list for PBXNativeTarget "TaskAppUITests" */ = {
			isa = XCConfigurationList;
			buildConfigurations = (
				0D81472B21235F330068E39A /* Debug */,
				0D81472C21235F330068E39A /* Release */,
			);
			defaultConfigurationIsVisible = 0;
			defaultConfigurationName = Release;
		};
/* End XCConfigurationList section */
	};
	rootObject = 0D8146F421235F320068E39A /* Project object */;
}
